version = 1
revision = 1
requires-python = ">=3.8"
resolution-markers = [
    "python_full_version >= '3.12'",
    "python_full_version == '3.11.*'",
    "python_full_version == '3.10.*'",
    "python_full_version == '3.9.*'",
    "python_full_version >= '3.8.1' and python_full_version < '3.9'",
    "python_full_version < '3.8.1'",
]

[[package]]
name = "simple-data-catalog"
version = "0.0.1"
source = { editable = "." }
